// !$*UTF8*$!
{
	archiveVersion = 1;
	classes = {
	};
	objectVersion = 46;
	objects = {

/* Begin PBXBuildFile section */
		CF3DC5B41E24EAB90076D6F4 /* meo1.jpg in Resources */ = {isa = PBXBuildFile; fileRef = CF3DC5B11E24EAB90076D6F4 /* meo1.jpg */; };
		CF3DC5B51E24EAB90076D6F4 /* meo2.jpg in Resources */ = {isa = PBXBuildFile; fileRef = CF3DC5B21E24EAB90076D6F4 /* meo2.jpg */; };
		CF3DC5B61E24EAB90076D6F4 /* meo3.jpg in Resources */ = {isa = PBXBuildFile; fileRef = CF3DC5B31E24EAB90076D6F4 /* meo3.jpg */; };
		CF3F12E01E2486E100F1ED21 /* AppDelegate.swift in Sources */ = {isa = PBXBuildFile; fileRef = CF3F12DF1E2486E100F1ED21 /* AppDelegate.swift */; };
		CF3F12E21E2486E100F1ED21 /* ViewController.swift in Sources */ = {isa = PBXBuildFile; fileRef = CF3F12E11E2486E100F1ED21 /* ViewController.swift */; };
		CF3F12E51E2486E100F1ED21 /* Main.storyboard in Resources */ = {isa = PBXBuildFile; fileRef = CF3F12E31E2486E100F1ED21 /* Main.storyboard */; };
		CF3F12E71E2486E100F1ED21 /* Assets.xcassets in Resources */ = {isa = PBXBuildFile; fileRef = CF3F12E61E2486E100F1ED21 /* Assets.xcassets */; };
		CF3F12EA1E2486E100F1ED21 /* LaunchScreen.storyboard in Resources */ = {isa = PBXBuildFile; fileRef = CF3F12E81E2486E100F1ED21 /* LaunchScreen.storyboard */; };
		CF3F12F51E24881900F1ED21 /* ViewScroll.swift in Sources */ = {isa = PBXBuildFile; fileRef = CF3F12F31E24881900F1ED21 /* ViewScroll.swift */; };
/* End PBXBuildFile section */

/* Begin PBXFileReference section */
		CF3DC5B11E24EAB90076D6F4 /* meo1.jpg */ = {isa = PBXFileReference; lastKnownFileType = image.jpeg; path = meo1.jpg; sourceTree = "<group>"; };
		CF3DC5B21E24EAB90076D6F4 /* meo2.jpg */ = {isa = PBXFileReference; lastKnownFileType = image.jpeg; path = meo2.jpg; sourceTree = "<group>"; };
		CF3DC5B31E24EAB90076D6F4 /* meo3.jpg */ = {isa = PBXFileReference; lastKnownFileType = image.jpeg; path = meo3.jpg; sourceTree = "<group>"; };
		CF3F12DC1E2486E100F1ED21 /* ScrollView.app */ = {isa = PBXFileReference; explicitFileType = wrapper.application; includeInIndex = 0; path = ScrollView.app; sourceTree = BUILT_PRODUCTS_DIR; };
		CF3F12DF1E2486E100F1ED21 /* AppDelegate.swift */ = {isa = PBXFileReference; lastKnownFileType = sourcecode.swift; path = AppDelegate.swift; sourceTree = "<group>"; };
		CF3F12E11E2486E100F1ED21 /* ViewController.swift */ = {isa = PBXFileReference; lastKnownFileType = sourcecode.swift; path = ViewController.swift; sourceTree = "<group>"; };
		CF3F12E41E2486E100F1ED21 /* Base */ = {isa = PBXFileReference; lastKnownFileType = file.storyboard; name = Base; path = Base.lproj/Main.storyboard; sourceTree = "<group>"; };
		CF3F12E61E2486E100F1ED21 /* Assets.xcassets */ = {isa = PBXFileReference; lastKnownFileType = folder.assetcatalog; path = Assets.xcassets; sourceTree = "<group>"; };
		CF3F12E91E2486E100F1ED21 /* Base */ = {isa = PBXFileReference; lastKnownFileType = file.storyboard; name = Base; path = Base.lproj/LaunchScreen.storyboard; sourceTree = "<group>"; };
		CF3F12EB1E2486E100F1ED21 /* Info.plist */ = {isa = PBXFileReference; lastKnownFileType = text.plist.xml; path = Info.plist; sourceTree = "<group>"; };
		CF3F12F31E24881900F1ED21 /* ViewScroll.swift */ = {isa = PBXFileReference; fileEncoding = 4; lastKnownFileType = sourcecode.swift; path = ViewScroll.swift; sourceTree = "<group>"; };
/* End PBXFileReference section */

/* Begin PBXFrameworksBuildPhase section */
		CF3F12D91E2486E100F1ED21 /* Frameworks */ = {
			isa = PBXFrameworksBuildPhase;
			buildActionMask = 2147483647;
			files = (
			);
			runOnlyForDeploymentPostprocessing = 0;
		};
/* End PBXFrameworksBuildPhase section */

/* Begin PBXGroup section */
		CF3DC5AA1E24DBA30076D6F4 /* Images */ = {
			isa = PBXGroup;
			children = (
				CF3DC5B11E24EAB90076D6F4 /* meo1.jpg */,
				CF3DC5B21E24EAB90076D6F4 /* meo2.jpg */,
				CF3DC5B31E24EAB90076D6F4 /* meo3.jpg */,
			);
			name = Images;
			sourceTree = "<group>";
		};
		CF3F12D31E2486E100F1ED21 = {
			isa = PBXGroup;
			children = (
				CF3F12DE1E2486E100F1ED21 /* ScrollView */,
				CF3F12DD1E2486E100F1ED21 /* Products */,
			);
			sourceTree = "<group>";
		};
		CF3F12DD1E2486E100F1ED21 /* Products */ = {
			isa = PBXGroup;
			children = (
				CF3F12DC1E2486E100F1ED21 /* ScrollView.app */,
			);
			name = Products;
			sourceTree = "<group>";
		};
		CF3F12DE1E2486E100F1ED21 /* ScrollView */ = {
			isa = PBXGroup;
			children = (
				CF3DC5AA1E24DBA30076D6F4 /* Images */,
				CF3F12DF1E2486E100F1ED21 /* AppDelegate.swift */,
				CF3F12E11E2486E100F1ED21 /* ViewController.swift */,
				CF3F12F31E24881900F1ED21 /* ViewScroll.swift */,
				CF3F12E31E2486E100F1ED21 /* Main.storyboard */,
				CF3F12E61E2486E100F1ED21 /* Assets.xcassets */,
				CF3F12E81E2486E100F1ED21 /* LaunchScreen.storyboard */,
				CF3F12EB1E2486E100F1ED21 /* Info.plist */,
			);
			path = ScrollView;
			sourceTree = "<group>";
		};
/* End PBXGroup section */

/* Begin PBXNativeTarget section */
		CF3F12DB1E2486E100F1ED21 /* ScrollView */ = {
			isa = PBXNativeTarget;
			buildConfigurationList = CF3F12EE1E2486E100F1ED21 /* Build configuration list for PBXNativeTarget "ScrollView" */;
			buildPhases = (
				CF3F12D81E2486E100F1ED21 /* Sources */,
				CF3F12D91E2486E100F1ED21 /* Frameworks */,
				CF3F12DA1E2486E100F1ED21 /* Resources */,
			);
			buildRules = (
			);
			dependencies = (
			);
			name = ScrollView;
			productName = ScrollView;
			productReference = CF3F12DC1E2486E100F1ED21 /* ScrollView.app */;
			productType = "com.apple.product-type.application";
		};
/* End PBXNativeTarget section */

/* Begin PBXProject section */
		CF3F12D41E2486E100F1ED21 /* Project object */ = {
			isa = PBXProject;
			attributes = {
				LastSwiftUpdateCheck = 0810;
				LastUpgradeCheck = 0810;
				ORGANIZATIONNAME = "Nhật Minh";
				TargetAttributes = {
					CF3F12DB1E2486E100F1ED21 = {
						CreatedOnToolsVersion = 8.1;
						ProvisioningStyle = Automatic;
					};
				};
			};
			buildConfigurationList = CF3F12D71E2486E100F1ED21 /* Build configuration list for PBXProject "ScrollView" */;
			compatibilityVersion = "Xcode 3.2";
			developmentRegion = English;
			hasScannedForEncodings = 0;
			knownRegions = (
				en,
				Base,
			);
			mainGroup = CF3F12D31E2486E100F1ED21;
			productRefGroup = CF3F12DD1E2486E100F1ED21 /* Products */;
			projectDirPath = "";
			projectRoot = "";
			targets = (
				CF3F12DB1E2486E100F1ED21 /* ScrollView */,
			);
		};
/* End PBXProject section */

/* Begin PBXResourcesBuildPhase section */
		CF3F12DA1E2486E100F1ED21 /* Resources */ = {
			isa = PBXResourcesBuildPhase;
			buildActionMask = 2147483647;
			files = (
				CF3F12EA1E2486E100F1ED21 /* LaunchScreen.storyboard in Resources */,
				CF3DC5B61E24EAB90076D6F4 /* meo3.jpg in Resources */,
				CF3DC5B51E24EAB90076D6F4 /* meo2.jpg in Resources */,
				CF3DC5B41E24EAB90076D6F4 /* meo1.jpg in Resources */,
				CF3F12E71E2486E100F1ED21 /* Assets.xcassets in Resources */,
				CF3F12E51E2486E100F1ED21 /* Main.storyboard in Resources */,
			);
			runOnlyForDeploymentPostprocessing = 0;
		};
/* End PBXResourcesBuildPhase section */

/* Begin PBXSourcesBuildPhase section */
		CF3F12D81E2486E100F1ED21 /* Sources */ = {
			isa = PBXSourcesBuildPhase;
			buildActionMask = 2147483647;
			files = (
				CF3F12F51E24881900F1ED21 /* ViewScroll.swift in Sources */,
				CF3F12E21E2486E100F1ED21 /* ViewController.swift in Sources */,
				CF3F12E01E2486E100F1ED21 /* AppDelegate.swift in Sources */,
			);
			runOnlyForDeploymentPostprocessing = 0;
		};
/* End PBXSourcesBuildPhase section */

/* Begin PBXVariantGroup section */
		CF3F12E31E2486E100F1ED21 /* Main.storyboard */ = {
			isa = PBXVariantGroup;
			children = (
				CF3F12E41E2486E100F1ED21 /* Base */,
			);
			name = Main.storyboard;
			sourceTree = "<group>";
		};
		CF3F12E81E2486E100F1ED21 /* LaunchScreen.storyboard */ = {
			isa = PBXVariantGroup;
			children = (
				CF3F12E91E2486E100F1ED21 /* Base */,
			);
			name = LaunchScreen.storyboard;
			sourceTree = "<group>";
		};
/* End PBXVariantGroup section */

/* Begin XCBuildConfiguration section */
		CF3F12EC1E2486E100F1ED21 /* Debug */ = {
			isa = XCBuildConfiguration;
			buildSettings = {
				ALWAYS_SEARCH_USER_PATHS = NO;
				CLANG_ANALYZER_NONNULL = YES;
				CLANG_CXX_LANGUAGE_STANDARD = "gnu++0x";
				CLANG_CXX_LIBRARY = "libc++";
				CLANG_ENABLE_MODULES = YES;
				CLANG_ENABLE_OBJC_ARC = YES;
				CLANG_WARN_BOOL_CONVERSION = YES;
				CLANG_WARN_CONSTANT_CONVERSION = YES;
				CLANG_WARN_DIRECT_OBJC_ISA_USAGE = YES_ERROR;
				CLANG_WARN_DOCUMENTATION_COMMENTS = YES;
				CLANG_WARN_EMPTY_BODY = YES;
				CLANG_WARN_ENUM_CONVERSION = YES;
				CLANG_WARN_INFINITE_RECURSION = YES;
				CLANG_WARN_INT_CONVERSION = YES;
				CLANG_WARN_OBJC_ROOT_CLASS = YES_ERROR;
				CLANG_WARN_SUSPICIOUS_MOVES = YES;
				CLANG_WARN_UNREACHABLE_CODE = YES;
				CLANG_WARN__DUPLICATE_METHOD_MATCH = YES;
				"CODE_SIGN_IDENTITY[sdk=iphoneos*]" = "iPhone Developer";
				COPY_PHASE_STRIP = NO;
				DEBUG_INFORMATION_FORMAT = dwarf;
				ENABLE_STRICT_OBJC_MSGSEND = YES;
				ENABLE_TESTABILITY = YES;
				GCC_C_LANGUAGE_STANDARD = gnu99;
				GCC_DYNAMIC_NO_PIC = NO;
				GCC_NO_COMMON_BLOCKS = YES;
				GCC_OPTIMIZATION_LEVEL = 0;
				GCC_PREPROCESSOR_DEFINITIONS = (
					"DEBUG=1",
					"$(inherited)",
				);
				GCC_WARN_64_TO_32_BIT_CONVERSION = YES;
				GCC_WARN_ABOUT_RETURN_TYPE = YES_ERROR;
				GCC_WARN_UNDECLARED_SELECTOR = YES;
				GCC_WARN_UNINITIALIZED_AUTOS = YES_AGGRESSIVE;
				GCC_WARN_UNUSED_FUNCTION = YES;
				GCC_WARN_UNUSED_VARIABLE = YES;
				IPHONEOS_DEPLOYMENT_TARGET = 10.1;
				MTL_ENABLE_DEBUG_INFO = YES;
				ONLY_ACTIVE_ARCH = YES;
				SDKROOT = iphoneos;
				SWIFT_ACTIVE_COMPILATION_CONDITIONS = DEBUG;
				SWIFT_OPTIMIZATION_LEVEL = "-Onone";
				TARGETED_DEVICE_FAMILY = "1,2";
			};
			name = Debug;
		};
		CF3F12ED1E2486E100F1ED21 /* Release */ = {
			isa = XCBuildConfiguration;
			buildSettings = {
				ALWAYS_SEARCH_USER_PATHS = NO;
				CLANG_ANALYZER_NONNULL = YES;
				CLANG_CXX_LANGUAGE_STANDARD = "gnu++0x";
				CLANG_CXX_LIBRARY = "libc++";
				CLANG_ENABLE_MODULES = YES;
				CLANG_ENABLE_OBJC_ARC = YES;
				CLANG_WARN_BOOL_CONVERSION = YES;
				CLANG_WARN_CONSTANT_CONVERSION = YES;
				CLANG_WARN_DIRECT_OBJC_ISA_USAGE = YES_ERROR;
				CLANG_WARN_DOCUMENTATION_COMMENTS = YES;
				CLANG_WARN_EMPTY_BODY = YES;
				CLANG_WARN_ENUM_CONVERSION = YES;
				CLANG_WARN_INFINITE_RECURSION = YES;
				CLANG_WARN_INT_CONVERSION = YES;
				CLANG_WARN_OBJC_ROOT_CLASS = YES_ERROR;
				CLANG_WARN_SUSPICIOUS_MOVES = YES;
				CLANG_WARN_UNREACHABLE_CODE = YES;
				CLANG_WARN__DUPLICATE_METHOD_MATCH = YES;
				"CODE_SIGN_IDENTITY[sdk=iphoneos*]" = "iPhone Developer";
				COPY_PHASE_STRIP = NO;
				DEBUG_INFORMATION_FORMAT = "dwarf-with-dsym";
				ENABLE_NS_ASSERTIONS = NO;
				ENABLE_STRICT_OBJC_MSGSEND = YES;
				GCC_C_LANGUAGE_STANDARD = gnu99;
				GCC_NO_COMMON_BLOCKS = YES;
				GCC_WARN_64_TO_32_BIT_CONVERSION = YES;
				GCC_WARN_ABOUT_RETURN_TYPE = YES_ERROR;
				GCC_WARN_UNDECLARED_SELECTOR = YES;
				GCC_WARN_UNINITIALIZED_AUTOS = YES_AGGRESSIVE;
				GCC_WARN_UNUSED_FUNCTION = YES;
				GCC_WARN_UNUSED_VARIABLE = YES;
				IPHONEOS_DEPLOYMENT_TARGET = 10.1;
				MTL_ENABLE_DEBUG_INFO = NO;
				SDKROOT = iphoneos;
				SWIFT_OPTIMIZATION_LEVEL = "-Owholemodule";
				TARGETED_DEVICE_FAMILY = "1,2";
				VALIDATE_PRODUCT = YES;
			};
			name = Release;
		};
		CF3F12EF1E2486E100F1ED21 /* Debug */ = {
			isa = XCBuildConfiguration;
			buildSettings = {
				ASSETCATALOG_COMPILER_APPICON_NAME = AppIcon;
				INFOPLIST_FILE = ScrollView/Info.plist;
				LD_RUNPATH_SEARCH_PATHS = "$(inherited) @executable_path/Frameworks";
				PRODUCT_BUNDLE_IDENTIFIER = ahahaha.ScrollView;
				PRODUCT_NAME = "$(TARGET_NAME)";
				SWIFT_VERSION = 3.0;
			};
			name = Debug;
		};
		CF3F12F01E2486E100F1ED21 /* Release */ = {
			isa = XCBuildConfiguration;
			buildSettings = {
				ASSETCATALOG_COMPILER_APPICON_NAME = AppIcon;
				INFOPLIST_FILE = ScrollView/Info.plist;
				LD_RUNPATH_SEARCH_PATHS = "$(inherited) @executable_path/Frameworks";
				PRODUCT_BUNDLE_IDENTIFIER = ahahaha.ScrollView;
				PRODUCT_NAME = "$(TARGET_NAME)";
				SWIFT_VERSION = 3.0;
			};
			name = Release;
		};
/* End XCBuildConfiguration section */

/* Begin XCConfigurationList section */
		CF3F12D71E2486E100F1ED21 /* Build configuration list for PBXProject "ScrollView" */ = {
			isa = XCConfigurationList;
			buildConfigurations = (
				CF3F12EC1E2486E100F1ED21 /* Debug */,
				CF3F12ED1E2486E100F1ED21 /* Release */,
			);
			defaultConfigurationIsVisible = 0;
			defaultConfigurationName = Release;
		};
		CF3F12EE1E2486E100F1ED21 /* Build configuration list for PBXNativeTarget "ScrollView" */ = {
			isa = XCConfigurationList;
			buildConfigurations = (
				CF3F12EF1E2486E100F1ED21 /* Debug */,
				CF3F12F01E2486E100F1ED21 /* Release */,
			);
			defaultConfigurationIsVisible = 0;
			defaultConfigurationName = Release;
		};
/* End XCConfigurationList section */
	};
	rootObject = CF3F12D41E2486E100F1ED21 /* Project object */;
}
